
Microsoft Visual Studio Solution File, Format Version 12.00
# Visual Studio 2013
VisualStudioVersion = 12.0.21005.1
MinimumVisualStudioVersion = 10.0.40219.1
Project("{FAE04EC0-301F-11D3-BF4B-00C04F79EFBC}") = "BPlusTree", "BPlusTree\BPlusTree.csproj", "{A822CAF2-7130-4000-8530-6DC0B48CC37D}"
EndProject
Project("{FAE04EC0-301F-11D3-BF4B-00C04F79EFBC}") = "ConsoleApplication1", "ConsoleApplication1\ConsoleApplication1.csproj", "{B6EC01CA-E92C-4B78-9011-6C74EC975B57}"
EndProject
Global
	GlobalSection(SolutionConfigurationPlatforms) = preSolution
		Debug|Any CPU = Debug|Any CPU
		Release|Any CPU = Release|Any CPU
	EndGlobalSection
	GlobalSection(ProjectConfigurationPlatforms) = postSolution
		{A822CAF2-7130-4000-8530-6DC0B48CC37D}.Debug|Any CPU.ActiveCfg = Debug|Any CPU
		{A822CAF2-7130-4000-8530-6DC0B48CC37D}.Debug|Any CPU.Build.0 = Debug|Any CPU
		{A822CAF2-7130-4000-8530-6DC0B48CC37D}.Release|Any CPU.ActiveCfg = Release|Any CPU
		{A822CAF2-7130-4000-8530-6DC0B48CC37D}.Release|Any CPU.Build.0 = Release|Any CPU
		{B6EC01CA-E92C-4B78-9011-6C74EC975B57}.Debug|Any CPU.ActiveCfg = Debug|Any CPU
		{B6EC01CA-E92C-4B78-9011-6C74EC975B57}.Debug|Any CPU.Build.0 = Debug|Any CPU
		{B6EC01CA-E92C-4B78-9011-6C74EC975B57}.Release|Any CPU.ActiveCfg = Release|Any CPU
		{B6EC01CA-E92C-4B78-9011-6C74EC975B57}.Release|Any CPU.Build.0 = Release|Any CPU
	EndGlobalSection
	GlobalSection(SolutionProperties) = preSolution
		HideSolutionNode = FALSE
	EndGlobalSection
EndGlobal
